// !$*UTF8*$!
{
	archiveVersion = 1;
	classes = {
	};
	objectVersion = 48;
	objects = {

/* Begin PBXBuildFile section */
		6509FB831FD25CF7006B5597 /* BeerViewController.swift in Sources */ = {isa = PBXBuildFile; fileRef = 6509FB821FD25CF7006B5597 /* BeerViewController.swift */; };
		6509FB851FD25D34006B5597 /* BeerDetail.swift in Sources */ = {isa = PBXBuildFile; fileRef = 6509FB841FD25D34006B5597 /* BeerDetail.swift */; };
		6529A46B1FD1E0A800AEAE90 /* StyleViewController.swift in Sources */ = {isa = PBXBuildFile; fileRef = 6529A46A1FD1E0A800AEAE90 /* StyleViewController.swift */; };
		6529A46D1FD1EA9200AEAE90 /* Categories.swift in Sources */ = {isa = PBXBuildFile; fileRef = 6529A46C1FD1EA9200AEAE90 /* Categories.swift */; };
		6551547F1FD22D3700805520 /* StyleDetailViewController.swift in Sources */ = {isa = PBXBuildFile; fileRef = 6551547E1FD22D3700805520 /* StyleDetailViewController.swift */; };
		655154811FD22F4B00805520 /* StyleBeer.swift in Sources */ = {isa = PBXBuildFile; fileRef = 655154801FD22F4B00805520 /* StyleBeer.swift */; };
		65A984491FD70DFB0054DBBE /* SearchViewController.swift in Sources */ = {isa = PBXBuildFile; fileRef = 65A984481FD70DFB0054DBBE /* SearchViewController.swift */; };
		65EA441A1FD360500088D93C /* GoogleService-Info.plist in Resources */ = {isa = PBXBuildFile; fileRef = 65EA44191FD360500088D93C /* GoogleService-Info.plist */; };
		65EA441C1FD3777A0088D93C /* FavoritesViewController.swift in Sources */ = {isa = PBXBuildFile; fileRef = 65EA441B1FD3777A0088D93C /* FavoritesViewController.swift */; };
		65FC70EC1FD10B7D005CC81B /* AppDelegate.swift in Sources */ = {isa = PBXBuildFile; fileRef = 65FC70EB1FD10B7D005CC81B /* AppDelegate.swift */; };
		65FC70EE1FD10B7D005CC81B /* ViewController.swift in Sources */ = {isa = PBXBuildFile; fileRef = 65FC70ED1FD10B7D005CC81B /* ViewController.swift */; };
		65FC70F11FD10B7D005CC81B /* Main.storyboard in Resources */ = {isa = PBXBuildFile; fileRef = 65FC70EF1FD10B7D005CC81B /* Main.storyboard */; };
		65FC70F31FD10B7D005CC81B /* Assets.xcassets in Resources */ = {isa = PBXBuildFile; fileRef = 65FC70F21FD10B7D005CC81B /* Assets.xcassets */; };
		65FC70F61FD10B7D005CC81B /* LaunchScreen.storyboard in Resources */ = {isa = PBXBuildFile; fileRef = 65FC70F41FD10B7D005CC81B /* LaunchScreen.storyboard */; };
		D01FBD8DFDB8C2255CE1AC4F /* Pods_BeerBud.framework in Frameworks */ = {isa = PBXBuildFile; fileRef = 8D7C0C6AC2142D1C0424A9CD /* Pods_BeerBud.framework */; };
/* End PBXBuildFile section */

/* Begin PBXFileReference section */
		2C87670113099D3B51684DD5 /* Pods-BeerBud.release.xcconfig */ = {isa = PBXFileReference; includeInIndex = 1; lastKnownFileType = text.xcconfig; name = "Pods-BeerBud.release.xcconfig"; path = "Pods/Target Support Files/Pods-BeerBud/Pods-BeerBud.release.xcconfig"; sourceTree = "<group>"; };
		6509FB821FD25CF7006B5597 /* BeerViewController.swift */ = {isa = PBXFileReference; lastKnownFileType = sourcecode.swift; path = BeerViewController.swift; sourceTree = "<group>"; };
		6509FB841FD25D34006B5597 /* BeerDetail.swift */ = {isa = PBXFileReference; lastKnownFileType = sourcecode.swift; path = BeerDetail.swift; sourceTree = "<group>"; };
		6529A46A1FD1E0A800AEAE90 /* StyleViewController.swift */ = {isa = PBXFileReference; lastKnownFileType = sourcecode.swift; path = StyleViewController.swift; sourceTree = "<group>"; };
		6529A46C1FD1EA9200AEAE90 /* Categories.swift */ = {isa = PBXFileReference; lastKnownFileType = sourcecode.swift; path = Categories.swift; sourceTree = "<group>"; };
		6551547E1FD22D3700805520 /* StyleDetailViewController.swift */ = {isa = PBXFileReference; lastKnownFileType = sourcecode.swift; path = StyleDetailViewController.swift; sourceTree = "<group>"; };
		655154801FD22F4B00805520 /* StyleBeer.swift */ = {isa = PBXFileReference; lastKnownFileType = sourcecode.swift; path = StyleBeer.swift; sourceTree = "<group>"; };
		65A984481FD70DFB0054DBBE /* SearchViewController.swift */ = {isa = PBXFileReference; lastKnownFileType = sourcecode.swift; path = SearchViewController.swift; sourceTree = "<group>"; };
		65EA44191FD360500088D93C /* GoogleService-Info.plist */ = {isa = PBXFileReference; fileEncoding = 4; lastKnownFileType = text.plist.xml; path = "GoogleService-Info.plist"; sourceTree = "<group>"; };
		65EA441B1FD3777A0088D93C /* FavoritesViewController.swift */ = {isa = PBXFileReference; lastKnownFileType = sourcecode.swift; path = FavoritesViewController.swift; sourceTree = "<group>"; };
		65FC70E81FD10B7D005CC81B /* BeerBud.app */ = {isa = PBXFileReference; explicitFileType = wrapper.application; includeInIndex = 0; path = BeerBud.app; sourceTree = BUILT_PRODUCTS_DIR; };
		65FC70EB1FD10B7D005CC81B /* AppDelegate.swift */ = {isa = PBXFileReference; lastKnownFileType = sourcecode.swift; path = AppDelegate.swift; sourceTree = "<group>"; };
		65FC70ED1FD10B7D005CC81B /* ViewController.swift */ = {isa = PBXFileReference; lastKnownFileType = sourcecode.swift; path = ViewController.swift; sourceTree = "<group>"; };
		65FC70F01FD10B7D005CC81B /* Base */ = {isa = PBXFileReference; lastKnownFileType = file.storyboard; name = Base; path = Base.lproj/Main.storyboard; sourceTree = "<group>"; };
		65FC70F21FD10B7D005CC81B /* Assets.xcassets */ = {isa = PBXFileReference; lastKnownFileType = folder.assetcatalog; path = Assets.xcassets; sourceTree = "<group>"; };
		65FC70F51FD10B7D005CC81B /* Base */ = {isa = PBXFileReference; lastKnownFileType = file.storyboard; name = Base; path = Base.lproj/LaunchScreen.storyboard; sourceTree = "<group>"; };
		65FC70F71FD10B7D005CC81B /* Info.plist */ = {isa = PBXFileReference; lastKnownFileType = text.plist.xml; path = Info.plist; sourceTree = "<group>"; };
		8D7C0C6AC2142D1C0424A9CD /* Pods_BeerBud.framework */ = {isa = PBXFileReference; explicitFileType = wrapper.framework; includeInIndex = 0; path = Pods_BeerBud.framework; sourceTree = BUILT_PRODUCTS_DIR; };
		C2705A67B5E1F27AE36FB991 /* Pods-BeerBud.debug.xcconfig */ = {isa = PBXFileReference; includeInIndex = 1; lastKnownFileType = text.xcconfig; name = "Pods-BeerBud.debug.xcconfig"; path = "Pods/Target Support Files/Pods-BeerBud/Pods-BeerBud.debug.xcconfig"; sourceTree = "<group>"; };
/* End PBXFileReference section */

/* Begin PBXFrameworksBuildPhase section */
		65FC70E51FD10B7D005CC81B /* Frameworks */ = {
			isa = PBXFrameworksBuildPhase;
			buildActionMask = 2147483647;
			files = (
				D01FBD8DFDB8C2255CE1AC4F /* Pods_BeerBud.framework in Frameworks */,
			);
			runOnlyForDeploymentPostprocessing = 0;
		};
/* End PBXFrameworksBuildPhase section */

/* Begin PBXGroup section */
		47ADC43AB6E63AB23B0A4908 /* Pods */ = {
			isa = PBXGroup;
			children = (
				C2705A67B5E1F27AE36FB991 /* Pods-BeerBud.debug.xcconfig */,
				2C87670113099D3B51684DD5 /* Pods-BeerBud.release.xcconfig */,
			);
			name = Pods;
			sourceTree = "<group>";
		};
		65FC70DF1FD10B7D005CC81B = {
			isa = PBXGroup;
			children = (
				65FC70EA1FD10B7D005CC81B /* BeerBud */,
				65FC70E91FD10B7D005CC81B /* Products */,
				47ADC43AB6E63AB23B0A4908 /* Pods */,
				CDFBAB7A0D99C45260BE4849 /* Frameworks */,
			);
			sourceTree = "<group>";
		};
		65FC70E91FD10B7D005CC81B /* Products */ = {
			isa = PBXGroup;
			children = (
				65FC70E81FD10B7D005CC81B /* BeerBud.app */,
			);
			name = Products;
			sourceTree = "<group>";
		};
		65FC70EA1FD10B7D005CC81B /* BeerBud */ = {
			isa = PBXGroup;
			children = (
				65FC70EB1FD10B7D005CC81B /* AppDelegate.swift */,
				65FC70ED1FD10B7D005CC81B /* ViewController.swift */,
				6529A46A1FD1E0A800AEAE90 /* StyleViewController.swift */,
				6551547E1FD22D3700805520 /* StyleDetailViewController.swift */,
				6509FB821FD25CF7006B5597 /* BeerViewController.swift */,
				65EA441B1FD3777A0088D93C /* FavoritesViewController.swift */,
				65A984481FD70DFB0054DBBE /* SearchViewController.swift */,
				65FC70EF1FD10B7D005CC81B /* Main.storyboard */,
				6529A46C1FD1EA9200AEAE90 /* Categories.swift */,
				655154801FD22F4B00805520 /* StyleBeer.swift */,
				6509FB841FD25D34006B5597 /* BeerDetail.swift */,
				65FC70F21FD10B7D005CC81B /* Assets.xcassets */,
				65FC70F41FD10B7D005CC81B /* LaunchScreen.storyboard */,
				65FC70F71FD10B7D005CC81B /* Info.plist */,
				65EA44191FD360500088D93C /* GoogleService-Info.plist */,
			);
			path = BeerBud;
			sourceTree = "<group>";
		};
		CDFBAB7A0D99C45260BE4849 /* Frameworks */ = {
			isa = PBXGroup;
			children = (
				8D7C0C6AC2142D1C0424A9CD /* Pods_BeerBud.framework */,
			);
			name = Frameworks;
			sourceTree = "<group>";
		};
/* End PBXGroup section */

/* Begin PBXNativeTarget section */
		65FC70E71FD10B7D005CC81B /* BeerBud */ = {
			isa = PBXNativeTarget;
			buildConfigurationList = 65FC70FA1FD10B7D005CC81B /* Build configuration list for PBXNativeTarget "BeerBud" */;
			buildPhases = (
				5F10C2CE73965EB567B7CC89 /* [CP] Check Pods Manifest.lock */,
				65FC70E41FD10B7D005CC81B /* Sources */,
				65FC70E51FD10B7D005CC81B /* Frameworks */,
				65FC70E61FD10B7D005CC81B /* Resources */,
				ACE50BA4AC6111ACBFA459CB /* [CP] Embed Pods Frameworks */,
				BB01F2FFDB867A2EDEDE36B3 /* [CP] Copy Pods Resources */,
			);
			buildRules = (
			);
			dependencies = (
			);
			name = BeerBud;
			productName = BeerBud;
			productReference = 65FC70E81FD10B7D005CC81B /* BeerBud.app */;
			productType = "com.apple.product-type.application";
		};
/* End PBXNativeTarget section */

/* Begin PBXProject section */
		65FC70E01FD10B7D005CC81B /* Project object */ = {
			isa = PBXProject;
			attributes = {
				LastSwiftUpdateCheck = 0920;
				LastUpgradeCheck = 0920;
				ORGANIZATIONNAME = "Daniel Lu";
				TargetAttributes = {
					65FC70E71FD10B7D005CC81B = {
						CreatedOnToolsVersion = 9.2;
						ProvisioningStyle = Automatic;
					};
				};
			};
			buildConfigurationList = 65FC70E31FD10B7D005CC81B /* Build configuration list for PBXProject "BeerBud" */;
			compatibilityVersion = "Xcode 8.0";
			developmentRegion = en;
			hasScannedForEncodings = 0;
			knownRegions = (
				en,
				Base,
			);
			mainGroup = 65FC70DF1FD10B7D005CC81B;
			productRefGroup = 65FC70E91FD10B7D005CC81B /* Products */;
			projectDirPath = "";
			projectRoot = "";
			targets = (
				65FC70E71FD10B7D005CC81B /* BeerBud */,
			);
		};
/* End PBXProject section */

/* Begin PBXResourcesBuildPhase section */
		65FC70E61FD10B7D005CC81B /* Resources */ = {
			isa = PBXResourcesBuildPhase;
			buildActionMask = 2147483647;
			files = (
				65FC70F61FD10B7D005CC81B /* LaunchScreen.storyboard in Resources */,
				65FC70F31FD10B7D005CC81B /* Assets.xcassets in Resources */,
				65FC70F11FD10B7D005CC81B /* Main.storyboard in Resources */,
				65EA441A1FD360500088D93C /* GoogleService-Info.plist in Resources */,
			);
			runOnlyForDeploymentPostprocessing = 0;
		};
/* End PBXResourcesBuildPhase section */

/* Begin PBXShellScriptBuildPhase section */
		5F10C2CE73965EB567B7CC89 /* [CP] Check Pods Manifest.lock */ = {
			isa = PBXShellScriptBuildPhase;
			buildActionMask = 2147483647;
			files = (
			);
			inputPaths = (
				"${PODS_PODFILE_DIR_PATH}/Podfile.lock",
				"${PODS_ROOT}/Manifest.lock",
			);
			name = "[CP] Check Pods Manifest.lock";
			outputPaths = (
				"$(DERIVED_FILE_DIR)/Pods-BeerBud-checkManifestLockResult.txt",
			);
			runOnlyForDeploymentPostprocessing = 0;
			shellPath = /bin/sh;
			shellScript = "diff \"${PODS_PODFILE_DIR_PATH}/Podfile.lock\" \"${PODS_ROOT}/Manifest.lock\" > /dev/null\nif [ $? != 0 ] ; then\n    # print error to STDERR\n    echo \"error: The sandbox is not in sync with the Podfile.lock. Run 'pod install' or update your CocoaPods installation.\" >&2\n    exit 1\nfi\n# This output is used by Xcode 'outputs' to avoid re-running this script phase.\necho \"SUCCESS\" > \"${SCRIPT_OUTPUT_FILE_0}\"\n";
			showEnvVarsInLog = 0;
		};
		ACE50BA4AC6111ACBFA459CB /* [CP] Embed Pods Frameworks */ = {
			isa = PBXShellScriptBuildPhase;
			buildActionMask = 2147483647;
			files = (
			);
			inputPaths = (
				"${SRCROOT}/Pods/Target Support Files/Pods-BeerBud/Pods-BeerBud-frameworks.sh",
				"${BUILT_PRODUCTS_DIR}/Alamofire/Alamofire.framework",
				"${BUILT_PRODUCTS_DIR}/BoringSSL/openssl.framework",
				"${BUILT_PRODUCTS_DIR}/GTMOAuth2/GTMOAuth2.framework",
				"${BUILT_PRODUCTS_DIR}/GTMSessionFetcher/GTMSessionFetcher.framework",
				"${BUILT_PRODUCTS_DIR}/GoogleToolboxForMac/GoogleToolboxForMac.framework",
				"${BUILT_PRODUCTS_DIR}/Protobuf/Protobuf.framework",
				"${BUILT_PRODUCTS_DIR}/SwiftyJSON/SwiftyJSON.framework",
				"${BUILT_PRODUCTS_DIR}/gRPC/GRPCClient.framework",
				"${BUILT_PRODUCTS_DIR}/gRPC-Core/grpc.framework",
				"${BUILT_PRODUCTS_DIR}/gRPC-ProtoRPC/ProtoRPC.framework",
				"${BUILT_PRODUCTS_DIR}/gRPC-RxLibrary/RxLibrary.framework",
				"${BUILT_PRODUCTS_DIR}/leveldb-library/leveldb.framework",
				"${BUILT_PRODUCTS_DIR}/nanopb/nanopb.framework",
			);
			name = "[CP] Embed Pods Frameworks";
			outputPaths = (
				"${TARGET_BUILD_DIR}/${FRAMEWORKS_FOLDER_PATH}/Alamofire.framework",
				"${TARGET_BUILD_DIR}/${FRAMEWORKS_FOLDER_PATH}/openssl.framework",
				"${TARGET_BUILD_DIR}/${FRAMEWORKS_FOLDER_PATH}/GTMOAuth2.framework",
				"${TARGET_BUILD_DIR}/${FRAMEWORKS_FOLDER_PATH}/GTMSessionFetcher.framework",
				"${TARGET_BUILD_DIR}/${FRAMEWORKS_FOLDER_PATH}/GoogleToolboxForMac.framework",
				"${TARGET_BUILD_DIR}/${FRAMEWORKS_FOLDER_PATH}/Protobuf.framework",
				"${TARGET_BUILD_DIR}/${FRAMEWORKS_FOLDER_PATH}/SwiftyJSON.framework",
				"${TARGET_BUILD_DIR}/${FRAMEWORKS_FOLDER_PATH}/GRPCClient.framework",
				"${TARGET_BUILD_DIR}/${FRAMEWORKS_FOLDER_PATH}/grpc.framework",
				"${TARGET_BUILD_DIR}/${FRAMEWORKS_FOLDER_PATH}/ProtoRPC.framework",
				"${TARGET_BUILD_DIR}/${FRAMEWORKS_FOLDER_PATH}/RxLibrary.framework",
				"${TARGET_BUILD_DIR}/${FRAMEWORKS_FOLDER_PATH}/leveldb.framework",
				"${TARGET_BUILD_DIR}/${FRAMEWORKS_FOLDER_PATH}/nanopb.framework",
			);
			runOnlyForDeploymentPostprocessing = 0;
			shellPath = /bin/sh;
			shellScript = "\"${SRCROOT}/Pods/Target Support Files/Pods-BeerBud/Pods-BeerBud-frameworks.sh\"\n";
			showEnvVarsInLog = 0;
		};
		BB01F2FFDB867A2EDEDE36B3 /* [CP] Copy Pods Resources */ = {
			isa = PBXShellScriptBuildPhase;
			buildActionMask = 2147483647;
			files = (
			);
			inputPaths = (
				"${SRCROOT}/Pods/Target Support Files/Pods-BeerBud/Pods-BeerBud-resources.sh",
				$PODS_CONFIGURATION_BUILD_DIR/FirebaseUI/FirebaseAuthUI.bundle,
				$PODS_CONFIGURATION_BUILD_DIR/FirebaseUI/FirebaseGoogleAuthUI.bundle,
				"${PODS_ROOT}/GoogleMaps/Maps/Frameworks/GoogleMaps.framework/Resources/GoogleMaps.bundle",
				"${PODS_ROOT}/GooglePlacePicker/Frameworks/GooglePlacePicker.framework/Resources/GooglePlacePicker.bundle",
				"${PODS_ROOT}/GooglePlaces/Frameworks/GooglePlaces.framework/Resources/GooglePlaces.bundle",
				"${PODS_ROOT}/GoogleSignIn/Resources/GoogleSignIn.bundle",
			);
			name = "[CP] Copy Pods Resources";
			outputPaths = (
				"${TARGET_BUILD_DIR}/${UNLOCALIZED_RESOURCES_FOLDER_PATH}",
			);
			runOnlyForDeploymentPostprocessing = 0;
			shellPath = /bin/sh;
			shellScript = "\"${SRCROOT}/Pods/Target Support Files/Pods-BeerBud/Pods-BeerBud-resources.sh\"\n";
			showEnvVarsInLog = 0;
		};
/* End PBXShellScriptBuildPhase section */

/* Begin PBXSourcesBuildPhase section */
		65FC70E41FD10B7D005CC81B /* Sources */ = {
			isa = PBXSourcesBuildPhase;
			buildActionMask = 2147483647;
			files = (
				65A984491FD70DFB0054DBBE /* SearchViewController.swift in Sources */,
				6551547F1FD22D3700805520 /* StyleDetailViewController.swift in Sources */,
				65EA441C1FD3777A0088D93C /* FavoritesViewController.swift in Sources */,
				6529A46B1FD1E0A800AEAE90 /* StyleViewController.swift in Sources */,
				6509FB831FD25CF7006B5597 /* BeerViewController.swift in Sources */,
				6529A46D1FD1EA9200AEAE90 /* Categories.swift in Sources */,
				6509FB851FD25D34006B5597 /* BeerDetail.swift in Sources */,
				655154811FD22F4B00805520 /* StyleBeer.swift in Sources */,
				65FC70EE1FD10B7D005CC81B /* ViewController.swift in Sources */,
				65FC70EC1FD10B7D005CC81B /* AppDelegate.swift in Sources */,
			);
			runOnlyForDeploymentPostprocessing = 0;
		};
/* End PBXSourcesBuildPhase section */

/* Begin PBXVariantGroup section */
		65FC70EF1FD10B7D005CC81B /* Main.storyboard */ = {
			isa = PBXVariantGroup;
			children = (
				65FC70F01FD10B7D005CC81B /* Base */,
			);
			name = Main.storyboard;
			sourceTree = "<group>";
		};
		65FC70F41FD10B7D005CC81B /* LaunchScreen.storyboard */ = {
			isa = PBXVariantGroup;
			children = (
				65FC70F51FD10B7D005CC81B /* Base */,
			);
			name = LaunchScreen.storyboard;
			sourceTree = "<group>";
		};
/* End PBXVariantGroup section */

/* Begin XCBuildConfiguration section */
		65FC70F81FD10B7D005CC81B /* Debug */ = {
			isa = XCBuildConfiguration;
			buildSettings = {
				ALWAYS_SEARCH_USER_PATHS = NO;
				CLANG_ANALYZER_NONNULL = YES;
				CLANG_ANALYZER_NUMBER_OBJECT_CONVERSION = YES_AGGRESSIVE;
				CLANG_CXX_LANGUAGE_STANDARD = "gnu++14";
				CLANG_CXX_LIBRARY = "libc++";
				CLANG_ENABLE_MODULES = YES;
				CLANG_ENABLE_OBJC_ARC = YES;
				CLANG_WARN_BLOCK_CAPTURE_AUTORELEASING = YES;
				CLANG_WARN_BOOL_CONVERSION = YES;
				CLANG_WARN_COMMA = YES;
				CLANG_WARN_CONSTANT_CONVERSION = YES;
				CLANG_WARN_DIRECT_OBJC_ISA_USAGE = YES_ERROR;
				CLANG_WARN_DOCUMENTATION_COMMENTS = YES;
				CLANG_WARN_EMPTY_BODY = YES;
				CLANG_WARN_ENUM_CONVERSION = YES;
				CLANG_WARN_INFINITE_RECURSION = YES;
				CLANG_WARN_INT_CONVERSION = YES;
				CLANG_WARN_NON_LITERAL_NULL_CONVERSION = YES;
				CLANG_WARN_OBJC_LITERAL_CONVERSION = YES;
				CLANG_WARN_OBJC_ROOT_CLASS = YES_ERROR;
				CLANG_WARN_RANGE_LOOP_ANALYSIS = YES;
				CLANG_WARN_STRICT_PROTOTYPES = YES;
				CLANG_WARN_SUSPICIOUS_MOVE = YES;
				CLANG_WARN_UNGUARDED_AVAILABILITY = YES_AGGRESSIVE;
				CLANG_WARN_UNREACHABLE_CODE = YES;
				CLANG_WARN__DUPLICATE_METHOD_MATCH = YES;
				CODE_SIGN_IDENTITY = "iPhone Developer";
				COPY_PHASE_STRIP = NO;
				DEBUG_INFORMATION_FORMAT = dwarf;
				ENABLE_STRICT_OBJC_MSGSEND = YES;
				ENABLE_TESTABILITY = YES;
				GCC_C_LANGUAGE_STANDARD = gnu11;
				GCC_DYNAMIC_NO_PIC = NO;
				GCC_NO_COMMON_BLOCKS = YES;
				GCC_OPTIMIZATION_LEVEL = 0;
				GCC_PREPROCESSOR_DEFINITIONS = (
					"DEBUG=1",
					"$(inherited)",
				);
				GCC_WARN_64_TO_32_BIT_CONVERSION = YES;
				GCC_WARN_ABOUT_RETURN_TYPE = YES_ERROR;
				GCC_WARN_UNDECLARED_SELECTOR = YES;
				GCC_WARN_UNINITIALIZED_AUTOS = YES_AGGRESSIVE;
				GCC_WARN_UNUSED_FUNCTION = YES;
				GCC_WARN_UNUSED_VARIABLE = YES;
				IPHONEOS_DEPLOYMENT_TARGET = 11.2;
				MTL_ENABLE_DEBUG_INFO = YES;
				ONLY_ACTIVE_ARCH = YES;
				SDKROOT = iphoneos;
				SWIFT_ACTIVE_COMPILATION_CONDITIONS = DEBUG;
				SWIFT_OPTIMIZATION_LEVEL = "-Onone";
			};
			name = Debug;
		};
		65FC70F91FD10B7D005CC81B /* Release */ = {
			isa = XCBuildConfiguration;
			buildSettings = {
				ALWAYS_SEARCH_USER_PATHS = NO;
				CLANG_ANALYZER_NONNULL = YES;
				CLANG_ANALYZER_NUMBER_OBJECT_CONVERSION = YES_AGGRESSIVE;
				CLANG_CXX_LANGUAGE_STANDARD = "gnu++14";
				CLANG_CXX_LIBRARY = "libc++";
				CLANG_ENABLE_MODULES = YES;
				CLANG_ENABLE_OBJC_ARC = YES;
				CLANG_WARN_BLOCK_CAPTURE_AUTORELEASING = YES;
				CLANG_WARN_BOOL_CONVERSION = YES;
				CLANG_WARN_COMMA = YES;
				CLANG_WARN_CONSTANT_CONVERSION = YES;
				CLANG_WARN_DIRECT_OBJC_ISA_USAGE = YES_ERROR;
				CLANG_WARN_DOCUMENTATION_COMMENTS = YES;
				CLANG_WARN_EMPTY_BODY = YES;
				CLANG_WARN_ENUM_CONVERSION = YES;
				CLANG_WARN_INFINITE_RECURSION = YES;
				CLANG_WARN_INT_CONVERSION = YES;
				CLANG_WARN_NON_LITERAL_NULL_CONVERSION = YES;
				CLANG_WARN_OBJC_LITERAL_CONVERSION = YES;
				CLANG_WARN_OBJC_ROOT_CLASS = YES_ERROR;
				CLANG_WARN_RANGE_LOOP_ANALYSIS = YES;
				CLANG_WARN_STRICT_PROTOTYPES = YES;
				CLANG_WARN_SUSPICIOUS_MOVE = YES;
				CLANG_WARN_UNGUARDED_AVAILABILITY = YES_AGGRESSIVE;
				CLANG_WARN_UNREACHABLE_CODE = YES;
				CLANG_WARN__DUPLICATE_METHOD_MATCH = YES;
				CODE_SIGN_IDENTITY = "iPhone Developer";
				COPY_PHASE_STRIP = NO;
				DEBUG_INFORMATION_FORMAT = "dwarf-with-dsym";
				ENABLE_NS_ASSERTIONS = NO;
				ENABLE_STRICT_OBJC_MSGSEND = YES;
				GCC_C_LANGUAGE_STANDARD = gnu11;
				GCC_NO_COMMON_BLOCKS = YES;
				GCC_WARN_64_TO_32_BIT_CONVERSION = YES;
				GCC_WARN_ABOUT_RETURN_TYPE = YES_ERROR;
				GCC_WARN_UNDECLARED_SELECTOR = YES;
				GCC_WARN_UNINITIALIZED_AUTOS = YES_AGGRESSIVE;
				GCC_WARN_UNUSED_FUNCTION = YES;
				GCC_WARN_UNUSED_VARIABLE = YES;
				IPHONEOS_DEPLOYMENT_TARGET = 11.2;
				MTL_ENABLE_DEBUG_INFO = NO;
				SDKROOT = iphoneos;
				SWIFT_OPTIMIZATION_LEVEL = "-Owholemodule";
				VALIDATE_PRODUCT = YES;
			};
			name = Release;
		};
		65FC70FB1FD10B7D005CC81B /* Debug */ = {
			isa = XCBuildConfiguration;
			baseConfigurationReference = C2705A67B5E1F27AE36FB991 /* Pods-BeerBud.debug.xcconfig */;
			buildSettings = {
				ASSETCATALOG_COMPILER_APPICON_NAME = AppIcon;
				CODE_SIGN_STYLE = Automatic;
				DEVELOPMENT_TEAM = LFHPR2JNX7;
				INFOPLIST_FILE = BeerBud/Info.plist;
				LD_RUNPATH_SEARCH_PATHS = "$(inherited) @executable_path/Frameworks";
				PRODUCT_BUNDLE_IDENTIFIER = com.lu.BeerBud;
				PRODUCT_NAME = "$(TARGET_NAME)";
				SWIFT_VERSION = 4.0;
				TARGETED_DEVICE_FAMILY = "1,2";
			};
			name = Debug;
		};
		65FC70FC1FD10B7D005CC81B /* Release */ = {
			isa = XCBuildConfiguration;
			baseConfigurationReference = 2C87670113099D3B51684DD5 /* Pods-BeerBud.release.xcconfig */;
			buildSettings = {
				ASSETCATALOG_COMPILER_APPICON_NAME = AppIcon;
				CODE_SIGN_STYLE = Automatic;
				DEVELOPMENT_TEAM = LFHPR2JNX7;
				INFOPLIST_FILE = BeerBud/Info.plist;
				LD_RUNPATH_SEARCH_PATHS = "$(inherited) @executable_path/Frameworks";
				PRODUCT_BUNDLE_IDENTIFIER = com.lu.BeerBud;
				PRODUCT_NAME = "$(TARGET_NAME)";
				SWIFT_VERSION = 4.0;
				TARGETED_DEVICE_FAMILY = "1,2";
			};
			name = Release;
		};
/* End XCBuildConfiguration section */

/* Begin XCConfigurationList section */
		65FC70E31FD10B7D005CC81B /* Build configuration list for PBXProject "BeerBud" */ = {
			isa = XCConfigurationList;
			buildConfigurations = (
				65FC70F81FD10B7D005CC81B /* Debug */,
				65FC70F91FD10B7D005CC81B /* Release */,
			);
			defaultConfigurationIsVisible = 0;
			defaultConfigurationName = Release;
		};
		65FC70FA1FD10B7D005CC81B /* Build configuration list for PBXNativeTarget "BeerBud" */ = {
			isa = XCConfigurationList;
			buildConfigurations = (
				65FC70FB1FD10B7D005CC81B /* Debug */,
				65FC70FC1FD10B7D005CC81B /* Release */,
			);
			defaultConfigurationIsVisible = 0;
			defaultConfigurationName = Release;
		};
/* End XCConfigurationList section */
	};
	rootObject = 65FC70E01FD10B7D005CC81B /* Project object */;
}
